
Microsoft Visual Studio Solution File, Format Version 12.00
# Visual Studio 15
VisualStudioVersion = 15.0.28010.2019
MinimumVisualStudioVersion = 10.0.40219.1
Project("{FAE04EC0-301F-11D3-BF4B-00C04F79EFBC}") = "borSoftwareChallenge", "borSoftwareChallenge\borSoftwareChallenge.csproj", "{4F6508A6-BB1E-4C92-84BB-66A2165DD49C}"
EndProject
Global
	GlobalSection(SolutionConfigurationPlatforms) = preSolution
		Debug|Any CPU = Debug|Any CPU
		Release|Any CPU = Release|Any CPU
	EndGlobalSection
	GlobalSection(ProjectConfigurationPlatforms) = postSolution
		{4F6508A6-BB1E-4C92-84BB-66A2165DD49C}.Debug|Any CPU.ActiveCfg = Debug|Any CPU
		{4F6508A6-BB1E-4C92-84BB-66A2165DD49C}.Debug|Any CPU.Build.0 = Debug|Any CPU
		{4F6508A6-BB1E-4C92-84BB-66A2165DD49C}.Release|Any CPU.ActiveCfg = Release|Any CPU
		{4F6508A6-BB1E-4C92-84BB-66A2165DD49C}.Release|Any CPU.Build.0 = Release|Any CPU
	EndGlobalSection
	GlobalSection(SolutionProperties) = preSolution
		HideSolutionNode = FALSE
	EndGlobalSection
	GlobalSection(ExtensibilityGlobals) = postSolution
		SolutionGuid = {54261170-CED0-462E-999A-BFC4F4FEC614}
	EndGlobalSection
EndGlobal
